// !$*UTF8*$!
{
	archiveVersion = 1;
	classes = {
	};
	objectVersion = 51;
	objects = {

/* Begin PBXBuildFile section */
		C10F5A5824645CBF003E414B /* AppDetailCell.swift in Sources */ = {isa = PBXBuildFile; fileRef = C10F5A5724645CBF003E414B /* AppDetailCell.swift */; };
		C10F5A5A2464658F003E414B /* PreviewCell.swift in Sources */ = {isa = PBXBuildFile; fileRef = C10F5A592464658F003E414B /* PreviewCell.swift */; };
		C10F5A5C246466A3003E414B /* PreviewScreenshotsController.swift in Sources */ = {isa = PBXBuildFile; fileRef = C10F5A5B246466A3003E414B /* PreviewScreenshotsController.swift */; };
		C10F5A5E24646B0A003E414B /* ReviewRowCell.swift in Sources */ = {isa = PBXBuildFile; fileRef = C10F5A5D24646B0A003E414B /* ReviewRowCell.swift */; };
		C10F5A6024646C4C003E414B /* ReviewsController.swift in Sources */ = {isa = PBXBuildFile; fileRef = C10F5A5F24646C4C003E414B /* ReviewsController.swift */; };
		C10F5A6224646D5F003E414B /* ReviewCell.swift in Sources */ = {isa = PBXBuildFile; fileRef = C10F5A6124646D5F003E414B /* ReviewCell.swift */; };
		C10F5A6424647230003E414B /* Reviews.swift in Sources */ = {isa = PBXBuildFile; fileRef = C10F5A6324647230003E414B /* Reviews.swift */; };
		C12B9ECB2461C80F006EADE4 /* AppsPageController.swift in Sources */ = {isa = PBXBuildFile; fileRef = C12B9ECA2461C80F006EADE4 /* AppsPageController.swift */; };
		C12B9ECD2461C879006EADE4 /* BaseListController.swift in Sources */ = {isa = PBXBuildFile; fileRef = C12B9ECC2461C879006EADE4 /* BaseListController.swift */; };
		C1419A6C2461C9D80045A028 /* AppsGroupCell.swift in Sources */ = {isa = PBXBuildFile; fileRef = C1419A6B2461C9D80045A028 /* AppsGroupCell.swift */; };
		C1419A6E2461CBAA0045A028 /* AppsHorizontalController.swift in Sources */ = {isa = PBXBuildFile; fileRef = C1419A6D2461CBAA0045A028 /* AppsHorizontalController.swift */; };
		C1419A702461DF2F0045A028 /* AppRowCell.swift in Sources */ = {isa = PBXBuildFile; fileRef = C1419A6F2461DF2F0045A028 /* AppRowCell.swift */; };
		C1419A722461E1A30045A028 /* Extensions.swift in Sources */ = {isa = PBXBuildFile; fileRef = C1419A712461E1A30045A028 /* Extensions.swift */; };
		C1419A742461E8310045A028 /* AppsPageHeader.swift in Sources */ = {isa = PBXBuildFile; fileRef = C1419A732461E8310045A028 /* AppsPageHeader.swift */; };
		C1419A762461E95A0045A028 /* AppsHeaderHorizontalController.swift in Sources */ = {isa = PBXBuildFile; fileRef = C1419A752461E95A0045A028 /* AppsHeaderHorizontalController.swift */; };
		C1419A782461EA990045A028 /* AppsHeaderCell.swift in Sources */ = {isa = PBXBuildFile; fileRef = C1419A772461EA990045A028 /* AppsHeaderCell.swift */; };
		C1BB35CD24626572005D9E7C /* AppGroup.swift in Sources */ = {isa = PBXBuildFile; fileRef = C1BB35CC24626572005D9E7C /* AppGroup.swift */; };
		C1C5873C24631EEC00A0510B /* SocialApp.swift in Sources */ = {isa = PBXBuildFile; fileRef = C1C5873B24631EEC00A0510B /* SocialApp.swift */; };
		C1C5873E24632D5A00A0510B /* HorizontalSnappingController.swift in Sources */ = {isa = PBXBuildFile; fileRef = C1C5873D24632D5A00A0510B /* HorizontalSnappingController.swift */; };
		C1C58740246332B200A0510B /* BetterSnappingLayout.swift in Sources */ = {isa = PBXBuildFile; fileRef = C1C5873F246332B200A0510B /* BetterSnappingLayout.swift */; };
		C1C6EDC724613AFB003B99BC /* SearchResultCell.swift in Sources */ = {isa = PBXBuildFile; fileRef = C1C6EDC624613AFB003B99BC /* SearchResultCell.swift */; };
		C1C6EDCC24614329003B99BC /* UIView+Layout.swift in Sources */ = {isa = PBXBuildFile; fileRef = C1C6EDCB24614328003B99BC /* UIView+Layout.swift */; };
		C1C6EDCE246145EC003B99BC /* VerticalStackView.swift in Sources */ = {isa = PBXBuildFile; fileRef = C1C6EDCD246145EC003B99BC /* VerticalStackView.swift */; };
		C1C6EDD124614DB1003B99BC /* SearchResult.swift in Sources */ = {isa = PBXBuildFile; fileRef = C1C6EDD024614DB1003B99BC /* SearchResult.swift */; };
		C1C6EDD42461B4FA003B99BC /* Service.swift in Sources */ = {isa = PBXBuildFile; fileRef = C1C6EDD32461B4FA003B99BC /* Service.swift */; };
		C1EBE1AC2463B95900EC58A8 /* AppDetailViewController.swift in Sources */ = {isa = PBXBuildFile; fileRef = C1EBE1AB2463B95900EC58A8 /* AppDetailViewController.swift */; };
		C1F98B6C2460977B00CD29F4 /* AppDelegate.swift in Sources */ = {isa = PBXBuildFile; fileRef = C1F98B6B2460977B00CD29F4 /* AppDelegate.swift */; };
		C1F98B6E2460977B00CD29F4 /* SceneDelegate.swift in Sources */ = {isa = PBXBuildFile; fileRef = C1F98B6D2460977B00CD29F4 /* SceneDelegate.swift */; };
		C1F98B702460977B00CD29F4 /* ViewController.swift in Sources */ = {isa = PBXBuildFile; fileRef = C1F98B6F2460977B00CD29F4 /* ViewController.swift */; };
		C1F98B732460977B00CD29F4 /* Main.storyboard in Resources */ = {isa = PBXBuildFile; fileRef = C1F98B712460977B00CD29F4 /* Main.storyboard */; };
		C1F98B752460977E00CD29F4 /* Assets.xcassets in Resources */ = {isa = PBXBuildFile; fileRef = C1F98B742460977E00CD29F4 /* Assets.xcassets */; };
		C1F98B782460977E00CD29F4 /* LaunchScreen.storyboard in Resources */ = {isa = PBXBuildFile; fileRef = C1F98B762460977E00CD29F4 /* LaunchScreen.storyboard */; };
		C1F98B802460983E00CD29F4 /* BaseTabBarController.swift in Sources */ = {isa = PBXBuildFile; fileRef = C1F98B7F2460983E00CD29F4 /* BaseTabBarController.swift */; };
		C1F98B832461370400CD29F4 /* AppsSearchController.swift in Sources */ = {isa = PBXBuildFile; fileRef = C1F98B822461370400CD29F4 /* AppsSearchController.swift */; };
		D850FF14FCF74DBFFB4A308F /* Pods_AppStoreJSONApis.framework in Frameworks */ = {isa = PBXBuildFile; fileRef = 2662434C5D0726A6596933EF /* Pods_AppStoreJSONApis.framework */; };
/* End PBXBuildFile section */

/* Begin PBXFileReference section */
		24936A5D1C2BE542200AC784 /* Pods-AppStoreJSONApis.release.xcconfig */ = {isa = PBXFileReference; includeInIndex = 1; lastKnownFileType = text.xcconfig; name = "Pods-AppStoreJSONApis.release.xcconfig"; path = "Target Support Files/Pods-AppStoreJSONApis/Pods-AppStoreJSONApis.release.xcconfig"; sourceTree = "<group>"; };
		2662434C5D0726A6596933EF /* Pods_AppStoreJSONApis.framework */ = {isa = PBXFileReference; explicitFileType = wrapper.framework; includeInIndex = 0; path = Pods_AppStoreJSONApis.framework; sourceTree = BUILT_PRODUCTS_DIR; };
		93E265F7A699D281A09DD18C /* Pods-AppStoreJSONApis.debug.xcconfig */ = {isa = PBXFileReference; includeInIndex = 1; lastKnownFileType = text.xcconfig; name = "Pods-AppStoreJSONApis.debug.xcconfig"; path = "Target Support Files/Pods-AppStoreJSONApis/Pods-AppStoreJSONApis.debug.xcconfig"; sourceTree = "<group>"; };
		C10F5A5724645CBF003E414B /* AppDetailCell.swift */ = {isa = PBXFileReference; lastKnownFileType = sourcecode.swift; path = AppDetailCell.swift; sourceTree = "<group>"; };
		C10F5A592464658F003E414B /* PreviewCell.swift */ = {isa = PBXFileReference; lastKnownFileType = sourcecode.swift; path = PreviewCell.swift; sourceTree = "<group>"; };
		C10F5A5B246466A3003E414B /* PreviewScreenshotsController.swift */ = {isa = PBXFileReference; lastKnownFileType = sourcecode.swift; path = PreviewScreenshotsController.swift; sourceTree = "<group>"; };
		C10F5A5D24646B0A003E414B /* ReviewRowCell.swift */ = {isa = PBXFileReference; lastKnownFileType = sourcecode.swift; path = ReviewRowCell.swift; sourceTree = "<group>"; };
		C10F5A5F24646C4C003E414B /* ReviewsController.swift */ = {isa = PBXFileReference; lastKnownFileType = sourcecode.swift; path = ReviewsController.swift; sourceTree = "<group>"; };
		C10F5A6124646D5F003E414B /* ReviewCell.swift */ = {isa = PBXFileReference; lastKnownFileType = sourcecode.swift; path = ReviewCell.swift; sourceTree = "<group>"; };
		C10F5A6324647230003E414B /* Reviews.swift */ = {isa = PBXFileReference; lastKnownFileType = sourcecode.swift; path = Reviews.swift; sourceTree = "<group>"; };
		C12B9ECA2461C80F006EADE4 /* AppsPageController.swift */ = {isa = PBXFileReference; lastKnownFileType = sourcecode.swift; path = AppsPageController.swift; sourceTree = "<group>"; };
		C12B9ECC2461C879006EADE4 /* BaseListController.swift */ = {isa = PBXFileReference; lastKnownFileType = sourcecode.swift; path = BaseListController.swift; sourceTree = "<group>"; };
		C1419A6B2461C9D80045A028 /* AppsGroupCell.swift */ = {isa = PBXFileReference; lastKnownFileType = sourcecode.swift; path = AppsGroupCell.swift; sourceTree = "<group>"; };
		C1419A6D2461CBAA0045A028 /* AppsHorizontalController.swift */ = {isa = PBXFileReference; lastKnownFileType = sourcecode.swift; path = AppsHorizontalController.swift; sourceTree = "<group>"; };
		C1419A6F2461DF2F0045A028 /* AppRowCell.swift */ = {isa = PBXFileReference; lastKnownFileType = sourcecode.swift; path = AppRowCell.swift; sourceTree = "<group>"; };
		C1419A712461E1A30045A028 /* Extensions.swift */ = {isa = PBXFileReference; lastKnownFileType = sourcecode.swift; path = Extensions.swift; sourceTree = "<group>"; };
		C1419A732461E8310045A028 /* AppsPageHeader.swift */ = {isa = PBXFileReference; lastKnownFileType = sourcecode.swift; path = AppsPageHeader.swift; sourceTree = "<group>"; };
		C1419A752461E95A0045A028 /* AppsHeaderHorizontalController.swift */ = {isa = PBXFileReference; lastKnownFileType = sourcecode.swift; path = AppsHeaderHorizontalController.swift; sourceTree = "<group>"; };
		C1419A772461EA990045A028 /* AppsHeaderCell.swift */ = {isa = PBXFileReference; lastKnownFileType = sourcecode.swift; path = AppsHeaderCell.swift; sourceTree = "<group>"; };
		C1BB35CC24626572005D9E7C /* AppGroup.swift */ = {isa = PBXFileReference; lastKnownFileType = sourcecode.swift; path = AppGroup.swift; sourceTree = "<group>"; };
		C1C5873B24631EEC00A0510B /* SocialApp.swift */ = {isa = PBXFileReference; lastKnownFileType = sourcecode.swift; path = SocialApp.swift; sourceTree = "<group>"; };
		C1C5873D24632D5A00A0510B /* HorizontalSnappingController.swift */ = {isa = PBXFileReference; lastKnownFileType = sourcecode.swift; path = HorizontalSnappingController.swift; sourceTree = "<group>"; };
		C1C5873F246332B200A0510B /* BetterSnappingLayout.swift */ = {isa = PBXFileReference; lastKnownFileType = sourcecode.swift; path = BetterSnappingLayout.swift; sourceTree = "<group>"; };
		C1C6EDC624613AFB003B99BC /* SearchResultCell.swift */ = {isa = PBXFileReference; lastKnownFileType = sourcecode.swift; path = SearchResultCell.swift; sourceTree = "<group>"; };
		C1C6EDCB24614328003B99BC /* UIView+Layout.swift */ = {isa = PBXFileReference; fileEncoding = 4; lastKnownFileType = sourcecode.swift; path = "UIView+Layout.swift"; sourceTree = "<group>"; };
		C1C6EDCD246145EC003B99BC /* VerticalStackView.swift */ = {isa = PBXFileReference; lastKnownFileType = sourcecode.swift; path = VerticalStackView.swift; sourceTree = "<group>"; };
		C1C6EDD024614DB1003B99BC /* SearchResult.swift */ = {isa = PBXFileReference; lastKnownFileType = sourcecode.swift; path = SearchResult.swift; sourceTree = "<group>"; };
		C1C6EDD32461B4FA003B99BC /* Service.swift */ = {isa = PBXFileReference; lastKnownFileType = sourcecode.swift; path = Service.swift; sourceTree = "<group>"; };
		C1EBE1AB2463B95900EC58A8 /* AppDetailViewController.swift */ = {isa = PBXFileReference; lastKnownFileType = sourcecode.swift; path = AppDetailViewController.swift; sourceTree = "<group>"; };
		C1F98B682460977B00CD29F4 /* AppStoreJSONApis.app */ = {isa = PBXFileReference; explicitFileType = wrapper.application; includeInIndex = 0; path = AppStoreJSONApis.app; sourceTree = BUILT_PRODUCTS_DIR; };
		C1F98B6B2460977B00CD29F4 /* AppDelegate.swift */ = {isa = PBXFileReference; lastKnownFileType = sourcecode.swift; path = AppDelegate.swift; sourceTree = "<group>"; };
		C1F98B6D2460977B00CD29F4 /* SceneDelegate.swift */ = {isa = PBXFileReference; lastKnownFileType = sourcecode.swift; path = SceneDelegate.swift; sourceTree = "<group>"; };
		C1F98B6F2460977B00CD29F4 /* ViewController.swift */ = {isa = PBXFileReference; lastKnownFileType = sourcecode.swift; path = ViewController.swift; sourceTree = "<group>"; };
		C1F98B722460977B00CD29F4 /* Base */ = {isa = PBXFileReference; lastKnownFileType = file.storyboard; name = Base; path = Base.lproj/Main.storyboard; sourceTree = "<group>"; };
		C1F98B742460977E00CD29F4 /* Assets.xcassets */ = {isa = PBXFileReference; lastKnownFileType = folder.assetcatalog; path = Assets.xcassets; sourceTree = "<group>"; };
		C1F98B772460977E00CD29F4 /* Base */ = {isa = PBXFileReference; lastKnownFileType = file.storyboard; name = Base; path = Base.lproj/LaunchScreen.storyboard; sourceTree = "<group>"; };
		C1F98B792460977E00CD29F4 /* Info.plist */ = {isa = PBXFileReference; lastKnownFileType = text.plist.xml; path = Info.plist; sourceTree = "<group>"; };
		C1F98B7F2460983E00CD29F4 /* BaseTabBarController.swift */ = {isa = PBXFileReference; lastKnownFileType = sourcecode.swift; path = BaseTabBarController.swift; sourceTree = "<group>"; };
		C1F98B822461370400CD29F4 /* AppsSearchController.swift */ = {isa = PBXFileReference; lastKnownFileType = sourcecode.swift; path = AppsSearchController.swift; sourceTree = "<group>"; };
/* End PBXFileReference section */

/* Begin PBXFrameworksBuildPhase section */
		C1F98B652460977B00CD29F4 /* Frameworks */ = {
			isa = PBXFrameworksBuildPhase;
			buildActionMask = 2147483647;
			files = (
				D850FF14FCF74DBFFB4A308F /* Pods_AppStoreJSONApis.framework in Frameworks */,
			);
			runOnlyForDeploymentPostprocessing = 0;
		};
/* End PBXFrameworksBuildPhase section */

/* Begin PBXGroup section */
		65FE401A0F356FA425482727 /* Frameworks */ = {
			isa = PBXGroup;
			children = (
				2662434C5D0726A6596933EF /* Pods_AppStoreJSONApis.framework */,
			);
			name = Frameworks;
			sourceTree = "<group>";
		};
		8ED7012150B57FC691A7171A /* Pods */ = {
			isa = PBXGroup;
			children = (
				93E265F7A699D281A09DD18C /* Pods-AppStoreJSONApis.debug.xcconfig */,
				24936A5D1C2BE542200AC784 /* Pods-AppStoreJSONApis.release.xcconfig */,
			);
			path = Pods;
			sourceTree = "<group>";
		};
		C10F5A5624645CB0003E414B /* Details */ = {
			isa = PBXGroup;
			children = (
				C10F5A5724645CBF003E414B /* AppDetailCell.swift */,
				C10F5A592464658F003E414B /* PreviewCell.swift */,
				C10F5A5D24646B0A003E414B /* ReviewRowCell.swift */,
				C10F5A6124646D5F003E414B /* ReviewCell.swift */,
			);
			path = Details;
			sourceTree = "<group>";
		};
		C12B9EC92461C7FD006EADE4 /* Apps */ = {
			isa = PBXGroup;
			children = (
				C1EBE1AA2463B94B00EC58A8 /* Details */,
				C12B9ECA2461C80F006EADE4 /* AppsPageController.swift */,
				C1419A6D2461CBAA0045A028 /* AppsHorizontalController.swift */,
				C1419A752461E95A0045A028 /* AppsHeaderHorizontalController.swift */,
			);
			path = Apps;
			sourceTree = "<group>";
		};
		C12B9ECE2461C8CE006EADE4 /* Search */ = {
			isa = PBXGroup;
			children = (
				C1F98B822461370400CD29F4 /* AppsSearchController.swift */,
			);
			path = Search;
			sourceTree = "<group>";
		};
		C1419A6A2461C9C30045A028 /* Apps */ = {
			isa = PBXGroup;
			children = (
				C10F5A5624645CB0003E414B /* Details */,
				C1419A6B2461C9D80045A028 /* AppsGroupCell.swift */,
				C1419A6F2461DF2F0045A028 /* AppRowCell.swift */,
				C1419A732461E8310045A028 /* AppsPageHeader.swift */,
				C1419A772461EA990045A028 /* AppsHeaderCell.swift */,
			);
			path = Apps;
			sourceTree = "<group>";
		};
		C1C6EDC524613ADD003B99BC /* Views */ = {
			isa = PBXGroup;
			children = (
				C1419A6A2461C9C30045A028 /* Apps */,
				C1C6EDC624613AFB003B99BC /* SearchResultCell.swift */,
			);
			path = Views;
			sourceTree = "<group>";
		};
		C1C6EDC8246142C2003B99BC /* Helpers */ = {
			isa = PBXGroup;
			children = (
				C1C6EDCB24614328003B99BC /* UIView+Layout.swift */,
				C1C6EDCD246145EC003B99BC /* VerticalStackView.swift */,
				C1419A712461E1A30045A028 /* Extensions.swift */,
				C1C5873F246332B200A0510B /* BetterSnappingLayout.swift */,
			);
			path = Helpers;
			sourceTree = "<group>";
		};
		C1C6EDCF24614DA1003B99BC /* Model */ = {
			isa = PBXGroup;
			children = (
				C1C6EDD024614DB1003B99BC /* SearchResult.swift */,
				C1BB35CC24626572005D9E7C /* AppGroup.swift */,
				C1C5873B24631EEC00A0510B /* SocialApp.swift */,
				C10F5A6324647230003E414B /* Reviews.swift */,
			);
			path = Model;
			sourceTree = "<group>";
		};
		C1C6EDD22461B4EC003B99BC /* Service */ = {
			isa = PBXGroup;
			children = (
				C1C6EDD32461B4FA003B99BC /* Service.swift */,
			);
			path = Service;
			sourceTree = "<group>";
		};
		C1EBE1AA2463B94B00EC58A8 /* Details */ = {
			isa = PBXGroup;
			children = (
				C1EBE1AB2463B95900EC58A8 /* AppDetailViewController.swift */,
				C10F5A5B246466A3003E414B /* PreviewScreenshotsController.swift */,
				C10F5A5F24646C4C003E414B /* ReviewsController.swift */,
			);
			path = Details;
			sourceTree = "<group>";
		};
		C1F98B5F2460977B00CD29F4 = {
			isa = PBXGroup;
			children = (
				C1F98B6A2460977B00CD29F4 /* AppStoreJSONApis */,
				C1F98B692460977B00CD29F4 /* Products */,
				8ED7012150B57FC691A7171A /* Pods */,
				65FE401A0F356FA425482727 /* Frameworks */,
			);
			sourceTree = "<group>";
		};
		C1F98B692460977B00CD29F4 /* Products */ = {
			isa = PBXGroup;
			children = (
				C1F98B682460977B00CD29F4 /* AppStoreJSONApis.app */,
			);
			name = Products;
			sourceTree = "<group>";
		};
		C1F98B6A2460977B00CD29F4 /* AppStoreJSONApis */ = {
			isa = PBXGroup;
			children = (
				C1C6EDD22461B4EC003B99BC /* Service */,
				C1C6EDCF24614DA1003B99BC /* Model */,
				C1C6EDC8246142C2003B99BC /* Helpers */,
				C1C6EDC524613ADD003B99BC /* Views */,
				C1F98B81246136E000CD29F4 /* Controller */,
				C1F98B6B2460977B00CD29F4 /* AppDelegate.swift */,
				C1F98B6D2460977B00CD29F4 /* SceneDelegate.swift */,
				C1F98B6F2460977B00CD29F4 /* ViewController.swift */,
				C1F98B712460977B00CD29F4 /* Main.storyboard */,
				C1F98B742460977E00CD29F4 /* Assets.xcassets */,
				C1F98B762460977E00CD29F4 /* LaunchScreen.storyboard */,
				C1F98B792460977E00CD29F4 /* Info.plist */,
			);
			path = AppStoreJSONApis;
			sourceTree = "<group>";
		};
		C1F98B81246136E000CD29F4 /* Controller */ = {
			isa = PBXGroup;
			children = (
				C12B9ECE2461C8CE006EADE4 /* Search */,
				C12B9EC92461C7FD006EADE4 /* Apps */,
				C1F98B7F2460983E00CD29F4 /* BaseTabBarController.swift */,
				C12B9ECC2461C879006EADE4 /* BaseListController.swift */,
				C1C5873D24632D5A00A0510B /* HorizontalSnappingController.swift */,
			);
			path = Controller;
			sourceTree = "<group>";
		};
/* End PBXGroup section */

/* Begin PBXNativeTarget section */
		C1F98B672460977B00CD29F4 /* AppStoreJSONApis */ = {
			isa = PBXNativeTarget;
			buildConfigurationList = C1F98B7C2460977E00CD29F4 /* Build configuration list for PBXNativeTarget "AppStoreJSONApis" */;
			buildPhases = (
				995ACE02B7BF10B4F22F9B50 /* [CP] Check Pods Manifest.lock */,
				C1F98B642460977B00CD29F4 /* Sources */,
				C1F98B652460977B00CD29F4 /* Frameworks */,
				C1F98B662460977B00CD29F4 /* Resources */,
				834B88737A51BE2493243F4E /* [CP] Embed Pods Frameworks */,
			);
			buildRules = (
			);
			dependencies = (
			);
			name = AppStoreJSONApis;
			productName = AppStoreJSONApis;
			productReference = C1F98B682460977B00CD29F4 /* AppStoreJSONApis.app */;
			productType = "com.apple.product-type.application";
		};
/* End PBXNativeTarget section */

/* Begin PBXProject section */
		C1F98B602460977B00CD29F4 /* Project object */ = {
			isa = PBXProject;
			attributes = {
				LastSwiftUpdateCheck = 1140;
				LastUpgradeCheck = 1140;
				ORGANIZATIONNAME = "Joo Hee";
				TargetAttributes = {
					C1F98B672460977B00CD29F4 = {
						CreatedOnToolsVersion = 11.4.1;
					};
				};
			};
			buildConfigurationList = C1F98B632460977B00CD29F4 /* Build configuration list for PBXProject "AppStoreJSONApis" */;
			compatibilityVersion = "Xcode 9.3";
			developmentRegion = en;
			hasScannedForEncodings = 0;
			knownRegions = (
				en,
				Base,
			);
			mainGroup = C1F98B5F2460977B00CD29F4;
			productRefGroup = C1F98B692460977B00CD29F4 /* Products */;
			projectDirPath = "";
			projectRoot = "";
			targets = (
				C1F98B672460977B00CD29F4 /* AppStoreJSONApis */,
			);
		};
/* End PBXProject section */

/* Begin PBXResourcesBuildPhase section */
		C1F98B662460977B00CD29F4 /* Resources */ = {
			isa = PBXResourcesBuildPhase;
			buildActionMask = 2147483647;
			files = (
				C1F98B782460977E00CD29F4 /* LaunchScreen.storyboard in Resources */,
				C1F98B752460977E00CD29F4 /* Assets.xcassets in Resources */,
				C1F98B732460977B00CD29F4 /* Main.storyboard in Resources */,
			);
			runOnlyForDeploymentPostprocessing = 0;
		};
/* End PBXResourcesBuildPhase section */

/* Begin PBXShellScriptBuildPhase section */
		834B88737A51BE2493243F4E /* [CP] Embed Pods Frameworks */ = {
			isa = PBXShellScriptBuildPhase;
			buildActionMask = 2147483647;
			files = (
			);
			inputFileListPaths = (
				"${PODS_ROOT}/Target Support Files/Pods-AppStoreJSONApis/Pods-AppStoreJSONApis-frameworks-${CONFIGURATION}-input-files.xcfilelist",
			);
			name = "[CP] Embed Pods Frameworks";
			outputFileListPaths = (
				"${PODS_ROOT}/Target Support Files/Pods-AppStoreJSONApis/Pods-AppStoreJSONApis-frameworks-${CONFIGURATION}-output-files.xcfilelist",
			);
			runOnlyForDeploymentPostprocessing = 0;
			shellPath = /bin/sh;
			shellScript = "\"${PODS_ROOT}/Target Support Files/Pods-AppStoreJSONApis/Pods-AppStoreJSONApis-frameworks.sh\"\n";
			showEnvVarsInLog = 0;
		};
		995ACE02B7BF10B4F22F9B50 /* [CP] Check Pods Manifest.lock */ = {
			isa = PBXShellScriptBuildPhase;
			buildActionMask = 2147483647;
			files = (
			);
			inputFileListPaths = (
			);
			inputPaths = (
				"${PODS_PODFILE_DIR_PATH}/Podfile.lock",
				"${PODS_ROOT}/Manifest.lock",
			);
			name = "[CP] Check Pods Manifest.lock";
			outputFileListPaths = (
			);
			outputPaths = (
				"$(DERIVED_FILE_DIR)/Pods-AppStoreJSONApis-checkManifestLockResult.txt",
			);
			runOnlyForDeploymentPostprocessing = 0;
			shellPath = /bin/sh;
			shellScript = "diff \"${PODS_PODFILE_DIR_PATH}/Podfile.lock\" \"${PODS_ROOT}/Manifest.lock\" > /dev/null\nif [ $? != 0 ] ; then\n    # print error to STDERR\n    echo \"error: The sandbox is not in sync with the Podfile.lock. Run 'pod install' or update your CocoaPods installation.\" >&2\n    exit 1\nfi\n# This output is used by Xcode 'outputs' to avoid re-running this script phase.\necho \"SUCCESS\" > \"${SCRIPT_OUTPUT_FILE_0}\"\n";
			showEnvVarsInLog = 0;
		};
/* End PBXShellScriptBuildPhase section */

/* Begin PBXSourcesBuildPhase section */
		C1F98B642460977B00CD29F4 /* Sources */ = {
			isa = PBXSourcesBuildPhase;
			buildActionMask = 2147483647;
			files = (
				C1F98B802460983E00CD29F4 /* BaseTabBarController.swift in Sources */,
				C10F5A6224646D5F003E414B /* ReviewCell.swift in Sources */,
				C1C5873C24631EEC00A0510B /* SocialApp.swift in Sources */,
				C12B9ECB2461C80F006EADE4 /* AppsPageController.swift in Sources */,
				C1C6EDD124614DB1003B99BC /* SearchResult.swift in Sources */,
				C10F5A5C246466A3003E414B /* PreviewScreenshotsController.swift in Sources */,
				C1F98B702460977B00CD29F4 /* ViewController.swift in Sources */,
				C1F98B6C2460977B00CD29F4 /* AppDelegate.swift in Sources */,
				C1F98B832461370400CD29F4 /* AppsSearchController.swift in Sources */,
				C1419A6C2461C9D80045A028 /* AppsGroupCell.swift in Sources */,
				C1C6EDC724613AFB003B99BC /* SearchResultCell.swift in Sources */,
				C1C5873E24632D5A00A0510B /* HorizontalSnappingController.swift in Sources */,
				C1C6EDCE246145EC003B99BC /* VerticalStackView.swift in Sources */,
				C1C6EDD42461B4FA003B99BC /* Service.swift in Sources */,
				C1419A762461E95A0045A028 /* AppsHeaderHorizontalController.swift in Sources */,
				C1EBE1AC2463B95900EC58A8 /* AppDetailViewController.swift in Sources */,
				C1419A742461E8310045A028 /* AppsPageHeader.swift in Sources */,
				C1C6EDCC24614329003B99BC /* UIView+Layout.swift in Sources */,
				C1419A722461E1A30045A028 /* Extensions.swift in Sources */,
				C10F5A6024646C4C003E414B /* ReviewsController.swift in Sources */,
				C12B9ECD2461C879006EADE4 /* BaseListController.swift in Sources */,
				C1BB35CD24626572005D9E7C /* AppGroup.swift in Sources */,
				C1419A782461EA990045A028 /* AppsHeaderCell.swift in Sources */,
				C10F5A6424647230003E414B /* Reviews.swift in Sources */,
				C10F5A5824645CBF003E414B /* AppDetailCell.swift in Sources */,
				C1F98B6E2460977B00CD29F4 /* SceneDelegate.swift in Sources */,
				C10F5A5A2464658F003E414B /* PreviewCell.swift in Sources */,
				C10F5A5E24646B0A003E414B /* ReviewRowCell.swift in Sources */,
				C1419A6E2461CBAA0045A028 /* AppsHorizontalController.swift in Sources */,
				C1C58740246332B200A0510B /* BetterSnappingLayout.swift in Sources */,
				C1419A702461DF2F0045A028 /* AppRowCell.swift in Sources */,
			);
			runOnlyForDeploymentPostprocessing = 0;
		};
/* End PBXSourcesBuildPhase section */

/* Begin PBXVariantGroup section */
		C1F98B712460977B00CD29F4 /* Main.storyboard */ = {
			isa = PBXVariantGroup;
			children = (
				C1F98B722460977B00CD29F4 /* Base */,
			);
			name = Main.storyboard;
			sourceTree = "<group>";
		};
		C1F98B762460977E00CD29F4 /* LaunchScreen.storyboard */ = {
			isa = PBXVariantGroup;
			children = (
				C1F98B772460977E00CD29F4 /* Base */,
			);
			name = LaunchScreen.storyboard;
			sourceTree = "<group>";
		};
/* End PBXVariantGroup section */

/* Begin XCBuildConfiguration section */
		C1F98B7A2460977E00CD29F4 /* Debug */ = {
			isa = XCBuildConfiguration;
			buildSettings = {
				ALWAYS_SEARCH_USER_PATHS = NO;
				CLANG_ANALYZER_NONNULL = YES;
				CLANG_ANALYZER_NUMBER_OBJECT_CONVERSION = YES_AGGRESSIVE;
				CLANG_CXX_LANGUAGE_STANDARD = "gnu++14";
				CLANG_CXX_LIBRARY = "libc++";
				CLANG_ENABLE_MODULES = YES;
				CLANG_ENABLE_OBJC_ARC = YES;
				CLANG_ENABLE_OBJC_WEAK = YES;
				CLANG_WARN_BLOCK_CAPTURE_AUTORELEASING = YES;
				CLANG_WARN_BOOL_CONVERSION = YES;
				CLANG_WARN_COMMA = YES;
				CLANG_WARN_CONSTANT_CONVERSION = YES;
				CLANG_WARN_DEPRECATED_OBJC_IMPLEMENTATIONS = YES;
				CLANG_WARN_DIRECT_OBJC_ISA_USAGE = YES_ERROR;
				CLANG_WARN_DOCUMENTATION_COMMENTS = YES;
				CLANG_WARN_EMPTY_BODY = YES;
				CLANG_WARN_ENUM_CONVERSION = YES;
				CLANG_WARN_INFINITE_RECURSION = YES;
				CLANG_WARN_INT_CONVERSION = YES;
				CLANG_WARN_NON_LITERAL_NULL_CONVERSION = YES;
				CLANG_WARN_OBJC_IMPLICIT_RETAIN_SELF = YES;
				CLANG_WARN_OBJC_LITERAL_CONVERSION = YES;
				CLANG_WARN_OBJC_ROOT_CLASS = YES_ERROR;
				CLANG_WARN_RANGE_LOOP_ANALYSIS = YES;
				CLANG_WARN_STRICT_PROTOTYPES = YES;
				CLANG_WARN_SUSPICIOUS_MOVE = YES;
				CLANG_WARN_UNGUARDED_AVAILABILITY = YES_AGGRESSIVE;
				CLANG_WARN_UNREACHABLE_CODE = YES;
				CLANG_WARN__DUPLICATE_METHOD_MATCH = YES;
				COPY_PHASE_STRIP = NO;
				DEBUG_INFORMATION_FORMAT = dwarf;
				ENABLE_STRICT_OBJC_MSGSEND = YES;
				ENABLE_TESTABILITY = YES;
				GCC_C_LANGUAGE_STANDARD = gnu11;
				GCC_DYNAMIC_NO_PIC = NO;
				GCC_NO_COMMON_BLOCKS = YES;
				GCC_OPTIMIZATION_LEVEL = 0;
				GCC_PREPROCESSOR_DEFINITIONS = (
					"DEBUG=1",
					"$(inherited)",
				);
				GCC_WARN_64_TO_32_BIT_CONVERSION = YES;
				GCC_WARN_ABOUT_RETURN_TYPE = YES_ERROR;
				GCC_WARN_UNDECLARED_SELECTOR = YES;
				GCC_WARN_UNINITIALIZED_AUTOS = YES_AGGRESSIVE;
				GCC_WARN_UNUSED_FUNCTION = YES;
				GCC_WARN_UNUSED_VARIABLE = YES;
				IPHONEOS_DEPLOYMENT_TARGET = 13.4;
				MTL_ENABLE_DEBUG_INFO = INCLUDE_SOURCE;
				MTL_FAST_MATH = YES;
				ONLY_ACTIVE_ARCH = YES;
				SDKROOT = iphoneos;
				SWIFT_ACTIVE_COMPILATION_CONDITIONS = DEBUG;
				SWIFT_OPTIMIZATION_LEVEL = "-Onone";
			};
			name = Debug;
		};
		C1F98B7B2460977E00CD29F4 /* Release */ = {
			isa = XCBuildConfiguration;
			buildSettings = {
				ALWAYS_SEARCH_USER_PATHS = NO;
				CLANG_ANALYZER_NONNULL = YES;
				CLANG_ANALYZER_NUMBER_OBJECT_CONVERSION = YES_AGGRESSIVE;
				CLANG_CXX_LANGUAGE_STANDARD = "gnu++14";
				CLANG_CXX_LIBRARY = "libc++";
				CLANG_ENABLE_MODULES = YES;
				CLANG_ENABLE_OBJC_ARC = YES;
				CLANG_ENABLE_OBJC_WEAK = YES;
				CLANG_WARN_BLOCK_CAPTURE_AUTORELEASING = YES;
				CLANG_WARN_BOOL_CONVERSION = YES;
				CLANG_WARN_COMMA = YES;
				CLANG_WARN_CONSTANT_CONVERSION = YES;
				CLANG_WARN_DEPRECATED_OBJC_IMPLEMENTATIONS = YES;
				CLANG_WARN_DIRECT_OBJC_ISA_USAGE = YES_ERROR;
				CLANG_WARN_DOCUMENTATION_COMMENTS = YES;
				CLANG_WARN_EMPTY_BODY = YES;
				CLANG_WARN_ENUM_CONVERSION = YES;
				CLANG_WARN_INFINITE_RECURSION = YES;
				CLANG_WARN_INT_CONVERSION = YES;
				CLANG_WARN_NON_LITERAL_NULL_CONVERSION = YES;
				CLANG_WARN_OBJC_IMPLICIT_RETAIN_SELF = YES;
				CLANG_WARN_OBJC_LITERAL_CONVERSION = YES;
				CLANG_WARN_OBJC_ROOT_CLASS = YES_ERROR;
				CLANG_WARN_RANGE_LOOP_ANALYSIS = YES;
				CLANG_WARN_STRICT_PROTOTYPES = YES;
				CLANG_WARN_SUSPICIOUS_MOVE = YES;
				CLANG_WARN_UNGUARDED_AVAILABILITY = YES_AGGRESSIVE;
				CLANG_WARN_UNREACHABLE_CODE = YES;
				CLANG_WARN__DUPLICATE_METHOD_MATCH = YES;
				COPY_PHASE_STRIP = NO;
				DEBUG_INFORMATION_FORMAT = "dwarf-with-dsym";
				ENABLE_NS_ASSERTIONS = NO;
				ENABLE_STRICT_OBJC_MSGSEND = YES;
				GCC_C_LANGUAGE_STANDARD = gnu11;
				GCC_NO_COMMON_BLOCKS = YES;
				GCC_WARN_64_TO_32_BIT_CONVERSION = YES;
				GCC_WARN_ABOUT_RETURN_TYPE = YES_ERROR;
				GCC_WARN_UNDECLARED_SELECTOR = YES;
				GCC_WARN_UNINITIALIZED_AUTOS = YES_AGGRESSIVE;
				GCC_WARN_UNUSED_FUNCTION = YES;
				GCC_WARN_UNUSED_VARIABLE = YES;
				IPHONEOS_DEPLOYMENT_TARGET = 13.4;
				MTL_ENABLE_DEBUG_INFO = NO;
				MTL_FAST_MATH = YES;
				SDKROOT = iphoneos;
				SWIFT_COMPILATION_MODE = wholemodule;
				SWIFT_OPTIMIZATION_LEVEL = "-O";
				VALIDATE_PRODUCT = YES;
			};
			name = Release;
		};
		C1F98B7D2460977E00CD29F4 /* Debug */ = {
			isa = XCBuildConfiguration;
			baseConfigurationReference = 93E265F7A699D281A09DD18C /* Pods-AppStoreJSONApis.debug.xcconfig */;
			buildSettings = {
				ASSETCATALOG_COMPILER_APPICON_NAME = AppIcon;
				CODE_SIGN_STYLE = Automatic;
				DEVELOPMENT_TEAM = F9Y6SPBV9F;
				INFOPLIST_FILE = AppStoreJSONApis/Info.plist;
				LD_RUNPATH_SEARCH_PATHS = (
					"$(inherited)",
					"@executable_path/Frameworks",
				);
				PRODUCT_BUNDLE_IDENTIFIER = me.jhk.AppStoreJSONApis;
				PRODUCT_NAME = "$(TARGET_NAME)";
				SWIFT_VERSION = 5.0;
				TARGETED_DEVICE_FAMILY = "1,2";
			};
			name = Debug;
		};
		C1F98B7E2460977E00CD29F4 /* Release */ = {
			isa = XCBuildConfiguration;
			baseConfigurationReference = 24936A5D1C2BE542200AC784 /* Pods-AppStoreJSONApis.release.xcconfig */;
			buildSettings = {
				ASSETCATALOG_COMPILER_APPICON_NAME = AppIcon;
				CODE_SIGN_STYLE = Automatic;
				DEVELOPMENT_TEAM = F9Y6SPBV9F;
				INFOPLIST_FILE = AppStoreJSONApis/Info.plist;
				LD_RUNPATH_SEARCH_PATHS = (
					"$(inherited)",
					"@executable_path/Frameworks",
				);
				PRODUCT_BUNDLE_IDENTIFIER = me.jhk.AppStoreJSONApis;
				PRODUCT_NAME = "$(TARGET_NAME)";
				SWIFT_VERSION = 5.0;
				TARGETED_DEVICE_FAMILY = "1,2";
			};
			name = Release;
		};
/* End XCBuildConfiguration section */

/* Begin XCConfigurationList section */
		C1F98B632460977B00CD29F4 /* Build configuration list for PBXProject "AppStoreJSONApis" */ = {
			isa = XCConfigurationList;
			buildConfigurations = (
				C1F98B7A2460977E00CD29F4 /* Debug */,
				C1F98B7B2460977E00CD29F4 /* Release */,
			);
			defaultConfigurationIsVisible = 0;
			defaultConfigurationName = Release;
		};
		C1F98B7C2460977E00CD29F4 /* Build configuration list for PBXNativeTarget "AppStoreJSONApis" */ = {
			isa = XCConfigurationList;
			buildConfigurations = (
				C1F98B7D2460977E00CD29F4 /* Debug */,
				C1F98B7E2460977E00CD29F4 /* Release */,
			);
			defaultConfigurationIsVisible = 0;
			defaultConfigurationName = Release;
		};
/* End XCConfigurationList section */
	};
	rootObject = C1F98B602460977B00CD29F4 /* Project object */;
}
